
Microsoft Visual Studio Solution File, Format Version 12.00
# Visual Studio 15
VisualStudioVersion = 15.0.28307.902
MinimumVisualStudioVersion = 10.0.40219.1
Project("{FAE04EC0-301F-11D3-BF4B-00C04F79EFBC}") = "stereoControl", "stereoControl\stereoControl.csproj", "{041E8439-098F-42DA-8DBE-75DE20272EF8}"
EndProject
Global
	GlobalSection(SolutionConfigurationPlatforms) = preSolution
		Debug|Any CPU = Debug|Any CPU
		Release|Any CPU = Release|Any CPU
	EndGlobalSection
	GlobalSection(ProjectConfigurationPlatforms) = postSolution
		{041E8439-098F-42DA-8DBE-75DE20272EF8}.Debug|Any CPU.ActiveCfg = Debug|Any CPU
		{041E8439-098F-42DA-8DBE-75DE20272EF8}.Debug|Any CPU.Build.0 = Debug|Any CPU
		{041E8439-098F-42DA-8DBE-75DE20272EF8}.Release|Any CPU.ActiveCfg = Release|Any CPU
		{041E8439-098F-42DA-8DBE-75DE20272EF8}.Release|Any CPU.Build.0 = Release|Any CPU
	EndGlobalSection
	GlobalSection(SolutionProperties) = preSolution
		HideSolutionNode = FALSE
	EndGlobalSection
	GlobalSection(ExtensibilityGlobals) = postSolution
		SolutionGuid = {355D7711-3BCC-4FFC-926F-3A568606692A}
	EndGlobalSection
EndGlobal
